Microsoft Visual Studio Solution File, Format Version 12.00
# Visual Studio Version 17
VisualStudioVersion = 17.5.2.0
MinimumVisualStudioVersion = 10.0.40219.1
Project("{FAE04EC0-301F-11D3-BF4B-00C04F79EFBC}") = "PackageExpress", "PackageExpress.csproj", "{B70904AB-32DB-908B-CCF5-3420351FF7D4}"
EndProject
Global
	GlobalSection(SolutionConfigurationPlatforms) = preSolution
		Debug|Any CPU = Debug|Any CPU
		Release|Any CPU = Release|Any CPU
	EndGlobalSection
	GlobalSection(ProjectConfigurationPlatforms) = postSolution
		{B70904AB-32DB-908B-CCF5-3420351FF7D4}.Debug|Any CPU.ActiveCfg = Debug|Any CPU
		{B70904AB-32DB-908B-CCF5-3420351FF7D4}.Debug|Any CPU.Build.0 = Debug|Any CPU
		{B70904AB-32DB-908B-CCF5-3420351FF7D4}.Release|Any CPU.ActiveCfg = Release|Any CPU
		{B70904AB-32DB-908B-CCF5-3420351FF7D4}.Release|Any CPU.Build.0 = Release|Any CPU
	EndGlobalSection
	GlobalSection(SolutionProperties) = preSolution
		HideSolutionNode = FALSE
	EndGlobalSection
	GlobalSection(ExtensibilityGlobals) = postSolution
		SolutionGuid = {E81BD320-0A16-460C-8753-0B3174574E45}
	EndGlobalSection
EndGlobal
